
Microsoft Visual Studio Solution File, Format Version 12.00
# Visual Studio Version 17
VisualStudioVersion = 17.14.36623.8
MinimumVisualStudioVersion = 10.0.40219.1
Project("{FAE04EC0-301F-11D3-BF4B-00C04F79EFBC}") = "Color", "Color\Color.csproj", "{83C4F3BE-AC57-4EEC-BE91-9129699269E3}"
EndProject
Global
	GlobalSection(SolutionConfigurationPlatforms) = preSolution
		Debug|Any CPU = Debug|Any CPU
		Debug|x64 = Debug|x64
		Release|Any CPU = Release|Any CPU
		Release|x64 = Release|x64
		x64|Any CPU = x64|Any CPU
		x64|x64 = x64|x64
	EndGlobalSection
	GlobalSection(ProjectConfigurationPlatforms) = postSolution
		{83C4F3BE-AC57-4EEC-BE91-9129699269E3}.Debug|Any CPU.ActiveCfg = Debug|Any CPU
		{83C4F3BE-AC57-4EEC-BE91-9129699269E3}.Debug|Any CPU.Build.0 = Debug|Any CPU
		{83C4F3BE-AC57-4EEC-BE91-9129699269E3}.Debug|x64.ActiveCfg = Debug|Any CPU
		{83C4F3BE-AC57-4EEC-BE91-9129699269E3}.Debug|x64.Build.0 = Debug|Any CPU
		{83C4F3BE-AC57-4EEC-BE91-9129699269E3}.Release|Any CPU.ActiveCfg = Release|Any CPU
		{83C4F3BE-AC57-4EEC-BE91-9129699269E3}.Release|Any CPU.Build.0 = Release|Any CPU
		{83C4F3BE-AC57-4EEC-BE91-9129699269E3}.Release|x64.ActiveCfg = Release|Any CPU
		{83C4F3BE-AC57-4EEC-BE91-9129699269E3}.Release|x64.Build.0 = Release|Any CPU
		{83C4F3BE-AC57-4EEC-BE91-9129699269E3}.x64|Any CPU.ActiveCfg = Debug|Any CPU
		{83C4F3BE-AC57-4EEC-BE91-9129699269E3}.x64|Any CPU.Build.0 = Debug|Any CPU
		{83C4F3BE-AC57-4EEC-BE91-9129699269E3}.x64|x64.ActiveCfg = Debug|Any CPU
		{83C4F3BE-AC57-4EEC-BE91-9129699269E3}.x64|x64.Build.0 = Debug|Any CPU
	EndGlobalSection
	GlobalSection(SolutionProperties) = preSolution
		HideSolutionNode = FALSE
	EndGlobalSection
	GlobalSection(ExtensibilityGlobals) = postSolution
		SolutionGuid = {DE43F5BB-F12C-4524-9F45-FAB34A19B8AC}
	EndGlobalSection
EndGlobal
